PODS:
  - Alamofire (5.4.1)
  - Kingfisher (6.0.0)
  - youtube-ios-player-helper (1.0.2)

DEPENDENCIES:
  - Alamofire (~> 5.2)
  - Kingfisher (~> 6.0)
  - youtube-ios-player-helper

SPEC REPOS:
  trunk:
    - Alamofire
    - Kingfisher
    - youtube-ios-player-helper

SPEC CHECKSUMS:
  Alamofire: 2291f7d21ca607c491dd17642e5d40fdcda0e65c
  Kingfisher: 13f6e68c928eb50439b5cb2ea75d6035018438ea
  youtube-ios-player-helper: 40b96e52c22445f0fdc43731cefa32c67075ff81

PODFILE CHECKSUM: 7e176a8d0609e5aa98433bce4b33b63b12524ef8

COCOAPODS: 1.10.0
